
Microsoft Visual Studio Solution File, Format Version 12.00
# Visual Studio Version 16
VisualStudioVersion = 16.0.30517.126
MinimumVisualStudioVersion = 10.0.40219.1
Project("{FAE04EC0-301F-11D3-BF4B-00C04F79EFBC}") = "PostgresEntityFrameworkCodeFirstDatabaseDesign", "PostgresEntityFrameworkCodeFirstDatabaseDesign.csproj", "{8867B6D8-490E-4D8E-BF1C-ACAB995FE86C}"
EndProject
Global
	GlobalSection(SolutionConfigurationPlatforms) = preSolution
		Debug|Any CPU = Debug|Any CPU
		Release|Any CPU = Release|Any CPU
	EndGlobalSection
	GlobalSection(ProjectConfigurationPlatforms) = postSolution
		{8867B6D8-490E-4D8E-BF1C-ACAB995FE86C}.Debug|Any CPU.ActiveCfg = Debug|Any CPU
		{8867B6D8-490E-4D8E-BF1C-ACAB995FE86C}.Debug|Any CPU.Build.0 = Debug|Any CPU
		{8867B6D8-490E-4D8E-BF1C-ACAB995FE86C}.Release|Any CPU.ActiveCfg = Release|Any CPU
		{8867B6D8-490E-4D8E-BF1C-ACAB995FE86C}.Release|Any CPU.Build.0 = Release|Any CPU
	EndGlobalSection
	GlobalSection(SolutionProperties) = preSolution
		HideSolutionNode = FALSE
	EndGlobalSection
	GlobalSection(ExtensibilityGlobals) = postSolution
		SolutionGuid = {D30B9780-79D7-4306-A998-2BA4B064C924}
	EndGlobalSection
EndGlobal
